// !$*UTF8*$!
{
	archiveVersion = 1;
	classes = {
	};
	objectVersion = 46;
	objects = {

/* Begin PBXBuildFile section */
		4C06EB451C7F664100BBC576 /* AppDelegate.swift in Sources */ = {isa = PBXBuildFile; fileRef = 4C06EB441C7F664100BBC576 /* AppDelegate.swift */; };
		4C06EB4A1C7F664100BBC576 /* Main.storyboard in Resources */ = {isa = PBXBuildFile; fileRef = 4C06EB481C7F664100BBC576 /* Main.storyboard */; };
		4C06EB4C1C7F664100BBC576 /* Assets.xcassets in Resources */ = {isa = PBXBuildFile; fileRef = 4C06EB4B1C7F664100BBC576 /* Assets.xcassets */; };
		4C06EB4F1C7F664100BBC576 /* LaunchScreen.storyboard in Resources */ = {isa = PBXBuildFile; fileRef = 4C06EB4D1C7F664100BBC576 /* LaunchScreen.storyboard */; };
		4C06EB581C7F666E00BBC576 /* MVC.swift in Sources */ = {isa = PBXBuildFile; fileRef = 4C06EB571C7F666E00BBC576 /* MVC.swift */; };
/* End PBXBuildFile section */

/* Begin PBXFileReference section */
		4C06EB411C7F664100BBC576 /* iOSArchitecturePattern.app */ = {isa = PBXFileReference; explicitFileType = wrapper.application; includeInIndex = 0; path = iOSArchitecturePattern.app; sourceTree = BUILT_PRODUCTS_DIR; };
		4C06EB441C7F664100BBC576 /* AppDelegate.swift */ = {isa = PBXFileReference; lastKnownFileType = sourcecode.swift; path = AppDelegate.swift; sourceTree = "<group>"; };
		4C06EB491C7F664100BBC576 /* Base */ = {isa = PBXFileReference; lastKnownFileType = file.storyboard; name = Base; path = Base.lproj/Main.storyboard; sourceTree = "<group>"; };
		4C06EB4B1C7F664100BBC576 /* Assets.xcassets */ = {isa = PBXFileReference; lastKnownFileType = folder.assetcatalog; path = Assets.xcassets; sourceTree = "<group>"; };
		4C06EB4E1C7F664100BBC576 /* Base */ = {isa = PBXFileReference; lastKnownFileType = file.storyboard; name = Base; path = Base.lproj/LaunchScreen.storyboard; sourceTree = "<group>"; };
		4C06EB501C7F664100BBC576 /* Info.plist */ = {isa = PBXFileReference; lastKnownFileType = text.plist.xml; path = Info.plist; sourceTree = "<group>"; };
		4C06EB571C7F666E00BBC576 /* MVC.swift */ = {isa = PBXFileReference; fileEncoding = 4; lastKnownFileType = sourcecode.swift; path = MVC.swift; sourceTree = "<group>"; };
/* End PBXFileReference section */

/* Begin PBXFrameworksBuildPhase section */
		4C06EB3E1C7F664100BBC576 /* Frameworks */ = {
			isa = PBXFrameworksBuildPhase;
			buildActionMask = 2147483647;
			files = (
			);
			runOnlyForDeploymentPostprocessing = 0;
		};
/* End PBXFrameworksBuildPhase section */

/* Begin PBXGroup section */
		4C06EB381C7F664100BBC576 = {
			isa = PBXGroup;
			children = (
				4C06EB431C7F664100BBC576 /* iOSArchitecturePattern */,
				4C06EB421C7F664100BBC576 /* Products */,
			);
			sourceTree = "<group>";
		};
		4C06EB421C7F664100BBC576 /* Products */ = {
			isa = PBXGroup;
			children = (
				4C06EB411C7F664100BBC576 /* iOSArchitecturePattern.app */,
			);
			name = Products;
			sourceTree = "<group>";
		};
		4C06EB431C7F664100BBC576 /* iOSArchitecturePattern */ = {
			isa = PBXGroup;
			children = (
				4C06EB441C7F664100BBC576 /* AppDelegate.swift */,
				4C06EB571C7F666E00BBC576 /* MVC.swift */,
				4C06EB561C7F664F00BBC576 /* Resources */,
				4C06EB4B1C7F664100BBC576 /* Assets.xcassets */,
			);
			path = iOSArchitecturePattern;
			sourceTree = "<group>";
		};
		4C06EB561C7F664F00BBC576 /* Resources */ = {
			isa = PBXGroup;
			children = (
				4C06EB501C7F664100BBC576 /* Info.plist */,
				4C06EB481C7F664100BBC576 /* Main.storyboard */,
				4C06EB4D1C7F664100BBC576 /* LaunchScreen.storyboard */,
			);
			name = Resources;
			sourceTree = "<group>";
		};
/* End PBXGroup section */

/* Begin PBXNativeTarget section */
		4C06EB401C7F664100BBC576 /* iOSArchitecturePattern */ = {
			isa = PBXNativeTarget;
			buildConfigurationList = 4C06EB531C7F664100BBC576 /* Build configuration list for PBXNativeTarget "iOSArchitecturePattern" */;
			buildPhases = (
				4C06EB3D1C7F664100BBC576 /* Sources */,
				4C06EB3E1C7F664100BBC576 /* Frameworks */,
				4C06EB3F1C7F664100BBC576 /* Resources */,
			);
			buildRules = (
			);
			dependencies = (
			);
			name = iOSArchitecturePattern;
			productName = iOSArchitecturePattern;
			productReference = 4C06EB411C7F664100BBC576 /* iOSArchitecturePattern.app */;
			productType = "com.apple.product-type.application";
		};
/* End PBXNativeTarget section */

/* Begin PBXProject section */
		4C06EB391C7F664100BBC576 /* Project object */ = {
			isa = PBXProject;
			attributes = {
				LastSwiftUpdateCheck = 0720;
				LastUpgradeCheck = 0720;
				ORGANIZATIONNAME = Zyncas;
				TargetAttributes = {
					4C06EB401C7F664100BBC576 = {
						CreatedOnToolsVersion = 7.2.1;
						DevelopmentTeam = 56JC3UN7HV;
					};
				};
			};
			buildConfigurationList = 4C06EB3C1C7F664100BBC576 /* Build configuration list for PBXProject "iOSArchitecturePattern" */;
			compatibilityVersion = "Xcode 3.2";
			developmentRegion = English;
			hasScannedForEncodings = 0;
			knownRegions = (
				en,
				Base,
			);
			mainGroup = 4C06EB381C7F664100BBC576;
			productRefGroup = 4C06EB421C7F664100BBC576 /* Products */;
			projectDirPath = "";
			projectRoot = "";
			targets = (
				4C06EB401C7F664100BBC576 /* iOSArchitecturePattern */,
			);
		};
/* End PBXProject section */

/* Begin PBXResourcesBuildPhase section */
		4C06EB3F1C7F664100BBC576 /* Resources */ = {
			isa = PBXResourcesBuildPhase;
			buildActionMask = 2147483647;
			files = (
				4C06EB4F1C7F664100BBC576 /* LaunchScreen.storyboard in Resources */,
				4C06EB4C1C7F664100BBC576 /* Assets.xcassets in Resources */,
				4C06EB4A1C7F664100BBC576 /* Main.storyboard in Resources */,
			);
			runOnlyForDeploymentPostprocessing = 0;
		};
/* End PBXResourcesBuildPhase section */

/* Begin PBXSourcesBuildPhase section */
		4C06EB3D1C7F664100BBC576 /* Sources */ = {
			isa = PBXSourcesBuildPhase;
			buildActionMask = 2147483647;
			files = (
				4C06EB581C7F666E00BBC576 /* MVC.swift in Sources */,
				4C06EB451C7F664100BBC576 /* AppDelegate.swift in Sources */,
			);
			runOnlyForDeploymentPostprocessing = 0;
		};
/* End PBXSourcesBuildPhase section */

/* Begin PBXVariantGroup section */
		4C06EB481C7F664100BBC576 /* Main.storyboard */ = {
			isa = PBXVariantGroup;
			children = (
				4C06EB491C7F664100BBC576 /* Base */,
			);
			name = Main.storyboard;
			sourceTree = "<group>";
		};
		4C06EB4D1C7F664100BBC576 /* LaunchScreen.storyboard */ = {
			isa = PBXVariantGroup;
			children = (
				4C06EB4E1C7F664100BBC576 /* Base */,
			);
			name = LaunchScreen.storyboard;
			sourceTree = "<group>";
		};
/* End PBXVariantGroup section */

/* Begin XCBuildConfiguration section */
		4C06EB511C7F664100BBC576 /* Debug */ = {
			isa = XCBuildConfiguration;
			buildSettings = {
				ALWAYS_SEARCH_USER_PATHS = NO;
				CLANG_CXX_LANGUAGE_STANDARD = "gnu++0x";
				CLANG_CXX_LIBRARY = "libc++";
				CLANG_ENABLE_MODULES = YES;
				CLANG_ENABLE_OBJC_ARC = YES;
				CLANG_WARN_BOOL_CONVERSION = YES;
				CLANG_WARN_CONSTANT_CONVERSION = YES;
				CLANG_WARN_DIRECT_OBJC_ISA_USAGE = YES_ERROR;
				CLANG_WARN_EMPTY_BODY = YES;
				CLANG_WARN_ENUM_CONVERSION = YES;
				CLANG_WARN_INT_CONVERSION = YES;
				CLANG_WARN_OBJC_ROOT_CLASS = YES_ERROR;
				CLANG_WARN_UNREACHABLE_CODE = YES;
				CLANG_WARN__DUPLICATE_METHOD_MATCH = YES;
				"CODE_SIGN_IDENTITY[sdk=iphoneos*]" = "iPhone Developer";
				COPY_PHASE_STRIP = NO;
				DEBUG_INFORMATION_FORMAT = dwarf;
				ENABLE_STRICT_OBJC_MSGSEND = YES;
				ENABLE_TESTABILITY = YES;
				GCC_C_LANGUAGE_STANDARD = gnu99;
				GCC_DYNAMIC_NO_PIC = NO;
				GCC_NO_COMMON_BLOCKS = YES;
				GCC_OPTIMIZATION_LEVEL = 0;
				GCC_PREPROCESSOR_DEFINITIONS = (
					"DEBUG=1",
					"$(inherited)",
				);
				GCC_WARN_64_TO_32_BIT_CONVERSION = YES;
				GCC_WARN_ABOUT_RETURN_TYPE = YES_ERROR;
				GCC_WARN_UNDECLARED_SELECTOR = YES;
				GCC_WARN_UNINITIALIZED_AUTOS = YES_AGGRESSIVE;
				GCC_WARN_UNUSED_FUNCTION = YES;
				GCC_WARN_UNUSED_VARIABLE = YES;
				IPHONEOS_DEPLOYMENT_TARGET = 9.2;
				MTL_ENABLE_DEBUG_INFO = YES;
				ONLY_ACTIVE_ARCH = YES;
				SDKROOT = iphoneos;
				SWIFT_OPTIMIZATION_LEVEL = "-Onone";
			};
			name = Debug;
		};
		4C06EB521C7F664100BBC576 /* Release */ = {
			isa = XCBuildConfiguration;
			buildSettings = {
				ALWAYS_SEARCH_USER_PATHS = NO;
				CLANG_CXX_LANGUAGE_STANDARD = "gnu++0x";
				CLANG_CXX_LIBRARY = "libc++";
				CLANG_ENABLE_MODULES = YES;
				CLANG_ENABLE_OBJC_ARC = YES;
				CLANG_WARN_BOOL_CONVERSION = YES;
				CLANG_WARN_CONSTANT_CONVERSION = YES;
				CLANG_WARN_DIRECT_OBJC_ISA_USAGE = YES_ERROR;
				CLANG_WARN_EMPTY_BODY = YES;
				CLANG_WARN_ENUM_CONVERSION = YES;
				CLANG_WARN_INT_CONVERSION = YES;
				CLANG_WARN_OBJC_ROOT_CLASS = YES_ERROR;
				CLANG_WARN_UNREACHABLE_CODE = YES;
				CLANG_WARN__DUPLICATE_METHOD_MATCH = YES;
				"CODE_SIGN_IDENTITY[sdk=iphoneos*]" = "iPhone Developer";
				COPY_PHASE_STRIP = NO;
				DEBUG_INFORMATION_FORMAT = "dwarf-with-dsym";
				ENABLE_NS_ASSERTIONS = NO;
				ENABLE_STRICT_OBJC_MSGSEND = YES;
				GCC_C_LANGUAGE_STANDARD = gnu99;
				GCC_NO_COMMON_BLOCKS = YES;
				GCC_WARN_64_TO_32_BIT_CONVERSION = YES;
				GCC_WARN_ABOUT_RETURN_TYPE = YES_ERROR;
				GCC_WARN_UNDECLARED_SELECTOR = YES;
				GCC_WARN_UNINITIALIZED_AUTOS = YES_AGGRESSIVE;
				GCC_WARN_UNUSED_FUNCTION = YES;
				GCC_WARN_UNUSED_VARIABLE = YES;
				IPHONEOS_DEPLOYMENT_TARGET = 9.2;
				MTL_ENABLE_DEBUG_INFO = NO;
				SDKROOT = iphoneos;
				VALIDATE_PRODUCT = YES;
			};
			name = Release;
		};
		4C06EB541C7F664100BBC576 /* Debug */ = {
			isa = XCBuildConfiguration;
			buildSettings = {
				ASSETCATALOG_COMPILER_APPICON_NAME = AppIcon;
				INFOPLIST_FILE = iOSArchitecturePattern/Info.plist;
				LD_RUNPATH_SEARCH_PATHS = "$(inherited) @executable_path/Frameworks";
				PRODUCT_BUNDLE_IDENTIFIER = zyncas.iOSArchitecturePattern;
				PRODUCT_NAME = "$(TARGET_NAME)";
			};
			name = Debug;
		};
		4C06EB551C7F664100BBC576 /* Release */ = {
			isa = XCBuildConfiguration;
			buildSettings = {
				ASSETCATALOG_COMPILER_APPICON_NAME = AppIcon;
				INFOPLIST_FILE = iOSArchitecturePattern/Info.plist;
				LD_RUNPATH_SEARCH_PATHS = "$(inherited) @executable_path/Frameworks";
				PRODUCT_BUNDLE_IDENTIFIER = zyncas.iOSArchitecturePattern;
				PRODUCT_NAME = "$(TARGET_NAME)";
			};
			name = Release;
		};
/* End XCBuildConfiguration section */

/* Begin XCConfigurationList section */
		4C06EB3C1C7F664100BBC576 /* Build configuration list for PBXProject "iOSArchitecturePattern" */ = {
			isa = XCConfigurationList;
			buildConfigurations = (
				4C06EB511C7F664100BBC576 /* Debug */,
				4C06EB521C7F664100BBC576 /* Release */,
			);
			defaultConfigurationIsVisible = 0;
			defaultConfigurationName = Release;
		};
		4C06EB531C7F664100BBC576 /* Build configuration list for PBXNativeTarget "iOSArchitecturePattern" */ = {
			isa = XCConfigurationList;
			buildConfigurations = (
				4C06EB541C7F664100BBC576 /* Debug */,
				4C06EB551C7F664100BBC576 /* Release */,
			);
			defaultConfigurationIsVisible = 0;
		};
/* End XCConfigurationList section */
	};
	rootObject = 4C06EB391C7F664100BBC576 /* Project object */;
}
